
Microsoft Visual Studio Solution File, Format Version 12.00
# Visual Studio Version 16
VisualStudioVersion = 16.0.30907.101
MinimumVisualStudioVersion = 10.0.40219.1
Project("{FAE04EC0-301F-11D3-BF4B-00C04F79EFBC}") = "YodleeForms", "YodleeForms\YodleeForms.csproj", "{07E7B182-80B1-4E1C-BCD5-514B0117AE07}"
EndProject
Project("{9A19103F-16F7-4668-BE54-9A1E7A4F7556}") = "Yodlee", "Yodlee\Yodlee.csproj", "{5FAC846B-F29A-4D54-A87F-E67C4925A5C2}"
EndProject
Project("{FAE04EC0-301F-11D3-BF4B-00C04F79EFBC}") = "ClassLibrary1", "ClassLibrary1\ClassLibrary1.csproj", "{E6B00339-29B6-48F3-A250-46AC0AF60F2D}"
EndProject
Global
	GlobalSection(SolutionConfigurationPlatforms) = preSolution
		Debug|Any CPU = Debug|Any CPU
		Release|Any CPU = Release|Any CPU
	EndGlobalSection
	GlobalSection(ProjectConfigurationPlatforms) = postSolution
		{07E7B182-80B1-4E1C-BCD5-514B0117AE07}.Debug|Any CPU.ActiveCfg = Debug|Any CPU
		{07E7B182-80B1-4E1C-BCD5-514B0117AE07}.Debug|Any CPU.Build.0 = Debug|Any CPU
		{07E7B182-80B1-4E1C-BCD5-514B0117AE07}.Release|Any CPU.ActiveCfg = Release|Any CPU
		{07E7B182-80B1-4E1C-BCD5-514B0117AE07}.Release|Any CPU.Build.0 = Release|Any CPU
		{5FAC846B-F29A-4D54-A87F-E67C4925A5C2}.Debug|Any CPU.ActiveCfg = Debug|Any CPU
		{5FAC846B-F29A-4D54-A87F-E67C4925A5C2}.Debug|Any CPU.Build.0 = Debug|Any CPU
		{5FAC846B-F29A-4D54-A87F-E67C4925A5C2}.Release|Any CPU.ActiveCfg = Release|Any CPU
		{5FAC846B-F29A-4D54-A87F-E67C4925A5C2}.Release|Any CPU.Build.0 = Release|Any CPU
		{E6B00339-29B6-48F3-A250-46AC0AF60F2D}.Debug|Any CPU.ActiveCfg = Debug|Any CPU
		{E6B00339-29B6-48F3-A250-46AC0AF60F2D}.Debug|Any CPU.Build.0 = Debug|Any CPU
		{E6B00339-29B6-48F3-A250-46AC0AF60F2D}.Release|Any CPU.ActiveCfg = Release|Any CPU
		{E6B00339-29B6-48F3-A250-46AC0AF60F2D}.Release|Any CPU.Build.0 = Release|Any CPU
	EndGlobalSection
	GlobalSection(SolutionProperties) = preSolution
		HideSolutionNode = FALSE
	EndGlobalSection
	GlobalSection(ExtensibilityGlobals) = postSolution
		SolutionGuid = {02F60666-24C8-4961-99E9-127D7BC4088C}
	EndGlobalSection
EndGlobal
